
Microsoft Visual Studio Solution File, Format Version 12.00
# Visual Studio Version 16
VisualStudioVersion = 16.0.29215.179
MinimumVisualStudioVersion = 10.0.40219.1
Project("{FAE04EC0-301F-11D3-BF4B-00C04F79EFBC}") = "procesoeEntregaDePasaporte", "procesoeEntregaDePasaporte\procesoeEntregaDePasaporte.csproj", "{081CFF43-DE8F-4CD5-B0B8-B9C749A82FEC}"
EndProject
Global
	GlobalSection(SolutionConfigurationPlatforms) = preSolution
		Debug|Any CPU = Debug|Any CPU
		Release|Any CPU = Release|Any CPU
	EndGlobalSection
	GlobalSection(ProjectConfigurationPlatforms) = postSolution
		{081CFF43-DE8F-4CD5-B0B8-B9C749A82FEC}.Debug|Any CPU.ActiveCfg = Debug|Any CPU
		{081CFF43-DE8F-4CD5-B0B8-B9C749A82FEC}.Debug|Any CPU.Build.0 = Debug|Any CPU
		{081CFF43-DE8F-4CD5-B0B8-B9C749A82FEC}.Release|Any CPU.ActiveCfg = Release|Any CPU
		{081CFF43-DE8F-4CD5-B0B8-B9C749A82FEC}.Release|Any CPU.Build.0 = Release|Any CPU
	EndGlobalSection
	GlobalSection(SolutionProperties) = preSolution
		HideSolutionNode = FALSE
	EndGlobalSection
	GlobalSection(ExtensibilityGlobals) = postSolution
		SolutionGuid = {A30F3899-3C7C-44A0-8C04-BE84A310DA9B}
	EndGlobalSection
EndGlobal
