
Microsoft Visual Studio Solution File, Format Version 12.00
# Visual Studio Version 16
VisualStudioVersion = 16.0.29215.179
MinimumVisualStudioVersion = 10.0.40219.1
Project("{FAE04EC0-301F-11D3-BF4B-00C04F79EFBC}") = "migracion-2020", "migracion-2020\migracion-2020.csproj", "{ADA8F11E-339E-42C2-8B44-E3D4C609DC26}"
EndProject
Global
	GlobalSection(SolutionConfigurationPlatforms) = preSolution
		Debug|Any CPU = Debug|Any CPU
		Release|Any CPU = Release|Any CPU
	EndGlobalSection
	GlobalSection(ProjectConfigurationPlatforms) = postSolution
		{ADA8F11E-339E-42C2-8B44-E3D4C609DC26}.Debug|Any CPU.ActiveCfg = Debug|Any CPU
		{ADA8F11E-339E-42C2-8B44-E3D4C609DC26}.Debug|Any CPU.Build.0 = Debug|Any CPU
		{ADA8F11E-339E-42C2-8B44-E3D4C609DC26}.Release|Any CPU.ActiveCfg = Release|Any CPU
		{ADA8F11E-339E-42C2-8B44-E3D4C609DC26}.Release|Any CPU.Build.0 = Release|Any CPU
	EndGlobalSection
	GlobalSection(SolutionProperties) = preSolution
		HideSolutionNode = FALSE
	EndGlobalSection
	GlobalSection(ExtensibilityGlobals) = postSolution
		SolutionGuid = {633E842E-4B0E-43E8-B9E5-0F2C7D6C4C2C}
	EndGlobalSection
EndGlobal
